
Microsoft Visual Studio Solution File, Format Version 12.00
# Visual Studio 15
VisualStudioVersion = 15.0.28307.572
MinimumVisualStudioVersion = 10.0.40219.1
Project("{FAE04EC0-301F-11D3-BF4B-00C04F79EFBC}") = "CustomTimeLabelText.Android", "CustomTimeLabelText\CustomTimeLabelText.Android\CustomTimeLabelText.Android.csproj", "{260635CE-22BD-457B-BDAF-62597CC344D6}"
EndProject
Project("{FAE04EC0-301F-11D3-BF4B-00C04F79EFBC}") = "CustomTimeLabelText.iOS", "CustomTimeLabelText\CustomTimeLabelText.iOS\CustomTimeLabelText.iOS.csproj", "{20827DE4-36B2-4343-B503-CA0AC1BAE09D}"
EndProject
Project("{FAE04EC0-301F-11D3-BF4B-00C04F79EFBC}") = "CustomTimeLabelText.UWP", "CustomTimeLabelText\CustomTimeLabelText.UWP\CustomTimeLabelText.UWP.csproj", "{94460AC2-ECA7-4337-B3A1-F89AC0094507}"
EndProject
Project("{FAE04EC0-301F-11D3-BF4B-00C04F79EFBC}") = "CustomTimeLabelText", "CustomTimeLabelText\CustomTimeLabelText\CustomTimeLabelText.csproj", "{74109C1C-8F4D-4FB3-A072-97D984AA2C68}"
EndProject
Global
	GlobalSection(SolutionConfigurationPlatforms) = preSolution
		Ad-Hoc|Any CPU = Ad-Hoc|Any CPU
		Ad-Hoc|ARM = Ad-Hoc|ARM
		Ad-Hoc|iPhone = Ad-Hoc|iPhone
		Ad-Hoc|iPhoneSimulator = Ad-Hoc|iPhoneSimulator
		Ad-Hoc|x64 = Ad-Hoc|x64
		Ad-Hoc|x86 = Ad-Hoc|x86
		AppStore|Any CPU = AppStore|Any CPU
		AppStore|ARM = AppStore|ARM
		AppStore|iPhone = AppStore|iPhone
		AppStore|iPhoneSimulator = AppStore|iPhoneSimulator
		AppStore|x64 = AppStore|x64
		AppStore|x86 = AppStore|x86
		Debug|Any CPU = Debug|Any CPU
		Debug|ARM = Debug|ARM
		Debug|iPhone = Debug|iPhone
		Debug|iPhoneSimulator = Debug|iPhoneSimulator
		Debug|x64 = Debug|x64
		Debug|x86 = Debug|x86
		Release|Any CPU = Release|Any CPU
		Release|ARM = Release|ARM
		Release|iPhone = Release|iPhone
		Release|iPhoneSimulator = Release|iPhoneSimulator
		Release|x64 = Release|x64
		Release|x86 = Release|x86
	EndGlobalSection
	GlobalSection(ProjectConfigurationPlatforms) = postSolution
		{260635CE-22BD-457B-BDAF-62597CC344D6}.Ad-Hoc|Any CPU.ActiveCfg = Release|Any CPU
		{260635CE-22BD-457B-BDAF-62597CC344D6}.Ad-Hoc|Any CPU.Build.0 = Release|Any CPU
		{260635CE-22BD-457B-BDAF-62597CC344D6}.Ad-Hoc|Any CPU.Deploy.0 = Release|Any CPU
		{260635CE-22BD-457B-BDAF-62597CC344D6}.Ad-Hoc|ARM.ActiveCfg = Release|Any CPU
		{260635CE-22BD-457B-BDAF-62597CC344D6}.Ad-Hoc|ARM.Build.0 = Release|Any CPU
		{260635CE-22BD-457B-BDAF-62597CC344D6}.Ad-Hoc|ARM.Deploy.0 = Release|Any CPU
		{260635CE-22BD-457B-BDAF-62597CC344D6}.Ad-Hoc|iPhone.ActiveCfg = Release|Any CPU
		{260635CE-22BD-457B-BDAF-62597CC344D6}.Ad-Hoc|iPhone.Build.0 = Release|Any CPU
		{260635CE-22BD-457B-BDAF-62597CC344D6}.Ad-Hoc|iPhone.Deploy.0 = Release|Any CPU
		{260635CE-22BD-457B-BDAF-62597CC344D6}.Ad-Hoc|iPhoneSimulator.ActiveCfg = Release|Any CPU
		{260635CE-22BD-457B-BDAF-62597CC344D6}.Ad-Hoc|iPhoneSimulator.Build.0 = Release|Any CPU
		{260635CE-22BD-457B-BDAF-62597CC344D6}.Ad-Hoc|iPhoneSimulator.Deploy.0 = Release|Any CPU
		{260635CE-22BD-457B-BDAF-62597CC344D6}.Ad-Hoc|x64.ActiveCfg = Release|Any CPU
		{260635CE-22BD-457B-BDAF-62597CC344D6}.Ad-Hoc|x64.Build.0 = Release|Any CPU
		{260635CE-22BD-457B-BDAF-62597CC344D6}.Ad-Hoc|x64.Deploy.0 = Release|Any CPU
		{260635CE-22BD-457B-BDAF-62597CC344D6}.Ad-Hoc|x86.ActiveCfg = Release|Any CPU
		{260635CE-22BD-457B-BDAF-62597CC344D6}.Ad-Hoc|x86.Build.0 = Release|Any CPU
		{260635CE-22BD-457B-BDAF-62597CC344D6}.Ad-Hoc|x86.Deploy.0 = Release|Any CPU
		{260635CE-22BD-457B-BDAF-62597CC344D6}.AppStore|Any CPU.ActiveCfg = Release|Any CPU
		{260635CE-22BD-457B-BDAF-62597CC344D6}.AppStore|Any CPU.Build.0 = Release|Any CPU
		{260635CE-22BD-457B-BDAF-62597CC344D6}.AppStore|Any CPU.Deploy.0 = Release|Any CPU
		{260635CE-22BD-457B-BDAF-62597CC344D6}.AppStore|ARM.ActiveCfg = Release|Any CPU
		{260635CE-22BD-457B-BDAF-62597CC344D6}.AppStore|ARM.Build.0 = Release|Any CPU
		{260635CE-22BD-457B-BDAF-62597CC344D6}.AppStore|ARM.Deploy.0 = Release|Any CPU
		{260635CE-22BD-457B-BDAF-62597CC344D6}.AppStore|iPhone.ActiveCfg = Release|Any CPU
		{260635CE-22BD-457B-BDAF-62597CC344D6}.AppStore|iPhone.Build.0 = Release|Any CPU
		{260635CE-22BD-457B-BDAF-62597CC344D6}.AppStore|iPhone.Deploy.0 = Release|Any CPU
		{260635CE-22BD-457B-BDAF-62597CC344D6}.AppStore|iPhoneSimulator.ActiveCfg = Release|Any CPU
		{260635CE-22BD-457B-BDAF-62597CC344D6}.AppStore|iPhoneSimulator.Build.0 = Release|Any CPU
		{260635CE-22BD-457B-BDAF-62597CC344D6}.AppStore|iPhoneSimulator.Deploy.0 = Release|Any CPU
		{260635CE-22BD-457B-BDAF-62597CC344D6}.AppStore|x64.ActiveCfg = Release|Any CPU
		{260635CE-22BD-457B-BDAF-62597CC344D6}.AppStore|x64.Build.0 = Release|Any CPU
		{260635CE-22BD-457B-BDAF-62597CC344D6}.AppStore|x64.Deploy.0 = Release|Any CPU
		{260635CE-22BD-457B-BDAF-62597CC344D6}.AppStore|x86.ActiveCfg = Release|Any CPU
		{260635CE-22BD-457B-BDAF-62597CC344D6}.AppStore|x86.Build.0 = Release|Any CPU
		{260635CE-22BD-457B-BDAF-62597CC344D6}.AppStore|x86.Deploy.0 = Release|Any CPU
		{260635CE-22BD-457B-BDAF-62597CC344D6}.Debug|Any CPU.ActiveCfg = Debug|Any CPU
		{260635CE-22BD-457B-BDAF-62597CC344D6}.Debug|Any CPU.Build.0 = Debug|Any CPU
		{260635CE-22BD-457B-BDAF-62597CC344D6}.Debug|Any CPU.Deploy.0 = Debug|Any CPU
		{260635CE-22BD-457B-BDAF-62597CC344D6}.Debug|ARM.ActiveCfg = Debug|Any CPU
		{260635CE-22BD-457B-BDAF-62597CC344D6}.Debug|ARM.Build.0 = Debug|Any CPU
		{260635CE-22BD-457B-BDAF-62597CC344D6}.Debug|ARM.Deploy.0 = Debug|Any CPU
		{260635CE-22BD-457B-BDAF-62597CC344D6}.Debug|iPhone.ActiveCfg = Debug|Any CPU
		{260635CE-22BD-457B-BDAF-62597CC344D6}.Debug|iPhone.Build.0 = Debug|Any CPU
		{260635CE-22BD-457B-BDAF-62597CC344D6}.Debug|iPhone.Deploy.0 = Debug|Any CPU
		{260635CE-22BD-457B-BDAF-62597CC344D6}.Debug|iPhoneSimulator.ActiveCfg = Debug|Any CPU
		{260635CE-22BD-457B-BDAF-62597CC344D6}.Debug|iPhoneSimulator.Build.0 = Debug|Any CPU
		{260635CE-22BD-457B-BDAF-62597CC344D6}.Debug|iPhoneSimulator.Deploy.0 = Debug|Any CPU
		{260635CE-22BD-457B-BDAF-62597CC344D6}.Debug|x64.ActiveCfg = Debug|Any CPU
		{260635CE-22BD-457B-BDAF-62597CC344D6}.Debug|x64.Build.0 = Debug|Any CPU
		{260635CE-22BD-457B-BDAF-62597CC344D6}.Debug|x64.Deploy.0 = Debug|Any CPU
		{260635CE-22BD-457B-BDAF-62597CC344D6}.Debug|x86.ActiveCfg = Debug|Any CPU
		{260635CE-22BD-457B-BDAF-62597CC344D6}.Debug|x86.Build.0 = Debug|Any CPU
		{260635CE-22BD-457B-BDAF-62597CC344D6}.Debug|x86.Deploy.0 = Debug|Any CPU
		{260635CE-22BD-457B-BDAF-62597CC344D6}.Release|Any CPU.ActiveCfg = Release|Any CPU
		{260635CE-22BD-457B-BDAF-62597CC344D6}.Release|Any CPU.Build.0 = Release|Any CPU
		{260635CE-22BD-457B-BDAF-62597CC344D6}.Release|Any CPU.Deploy.0 = Release|Any CPU
		{260635CE-22BD-457B-BDAF-62597CC344D6}.Release|ARM.ActiveCfg = Release|Any CPU
		{260635CE-22BD-457B-BDAF-62597CC344D6}.Release|ARM.Build.0 = Release|Any CPU
		{260635CE-22BD-457B-BDAF-62597CC344D6}.Release|ARM.Deploy.0 = Release|Any CPU
		{260635CE-22BD-457B-BDAF-62597CC344D6}.Release|iPhone.ActiveCfg = Release|Any CPU
		{260635CE-22BD-457B-BDAF-62597CC344D6}.Release|iPhone.Build.0 = Release|Any CPU
		{260635CE-22BD-457B-BDAF-62597CC344D6}.Release|iPhone.Deploy.0 = Release|Any CPU
		{260635CE-22BD-457B-BDAF-62597CC344D6}.Release|iPhoneSimulator.ActiveCfg = Release|Any CPU
		{260635CE-22BD-457B-BDAF-62597CC344D6}.Release|iPhoneSimulator.Build.0 = Release|Any CPU
		{260635CE-22BD-457B-BDAF-62597CC344D6}.Release|iPhoneSimulator.Deploy.0 = Release|Any CPU
		{260635CE-22BD-457B-BDAF-62597CC344D6}.Release|x64.ActiveCfg = Release|Any CPU
		{260635CE-22BD-457B-BDAF-62597CC344D6}.Release|x64.Build.0 = Release|Any CPU
		{260635CE-22BD-457B-BDAF-62597CC344D6}.Release|x64.Deploy.0 = Release|Any CPU
		{260635CE-22BD-457B-BDAF-62597CC344D6}.Release|x86.ActiveCfg = Release|Any CPU
		{260635CE-22BD-457B-BDAF-62597CC344D6}.Release|x86.Build.0 = Release|Any CPU
		{260635CE-22BD-457B-BDAF-62597CC344D6}.Release|x86.Deploy.0 = Release|Any CPU
		{20827DE4-36B2-4343-B503-CA0AC1BAE09D}.Ad-Hoc|Any CPU.ActiveCfg = Ad-Hoc|iPhone
		{20827DE4-36B2-4343-B503-CA0AC1BAE09D}.Ad-Hoc|Any CPU.Build.0 = Ad-Hoc|iPhone
		{20827DE4-36B2-4343-B503-CA0AC1BAE09D}.Ad-Hoc|Any CPU.Deploy.0 = Ad-Hoc|iPhone
		{20827DE4-36B2-4343-B503-CA0AC1BAE09D}.Ad-Hoc|ARM.ActiveCfg = Ad-Hoc|iPhone
		{20827DE4-36B2-4343-B503-CA0AC1BAE09D}.Ad-Hoc|ARM.Build.0 = Ad-Hoc|iPhone
		{20827DE4-36B2-4343-B503-CA0AC1BAE09D}.Ad-Hoc|ARM.Deploy.0 = Ad-Hoc|iPhone
		{20827DE4-36B2-4343-B503-CA0AC1BAE09D}.Ad-Hoc|iPhone.ActiveCfg = Ad-Hoc|iPhone
		{20827DE4-36B2-4343-B503-CA0AC1BAE09D}.Ad-Hoc|iPhone.Build.0 = Ad-Hoc|iPhone
		{20827DE4-36B2-4343-B503-CA0AC1BAE09D}.Ad-Hoc|iPhone.Deploy.0 = Ad-Hoc|iPhone
		{20827DE4-36B2-4343-B503-CA0AC1BAE09D}.Ad-Hoc|iPhoneSimulator.ActiveCfg = Ad-Hoc|iPhoneSimulator
		{20827DE4-36B2-4343-B503-CA0AC1BAE09D}.Ad-Hoc|iPhoneSimulator.Build.0 = Ad-Hoc|iPhoneSimulator
		{20827DE4-36B2-4343-B503-CA0AC1BAE09D}.Ad-Hoc|iPhoneSimulator.Deploy.0 = Ad-Hoc|iPhoneSimulator
		{20827DE4-36B2-4343-B503-CA0AC1BAE09D}.Ad-Hoc|x64.ActiveCfg = Ad-Hoc|iPhone
		{20827DE4-36B2-4343-B503-CA0AC1BAE09D}.Ad-Hoc|x64.Build.0 = Ad-Hoc|iPhone
		{20827DE4-36B2-4343-B503-CA0AC1BAE09D}.Ad-Hoc|x64.Deploy.0 = Ad-Hoc|iPhone
		{20827DE4-36B2-4343-B503-CA0AC1BAE09D}.Ad-Hoc|x86.ActiveCfg = Ad-Hoc|iPhone
		{20827DE4-36B2-4343-B503-CA0AC1BAE09D}.Ad-Hoc|x86.Build.0 = Ad-Hoc|iPhone
		{20827DE4-36B2-4343-B503-CA0AC1BAE09D}.Ad-Hoc|x86.Deploy.0 = Ad-Hoc|iPhone
		{20827DE4-36B2-4343-B503-CA0AC1BAE09D}.AppStore|Any CPU.ActiveCfg = AppStore|iPhone
		{20827DE4-36B2-4343-B503-CA0AC1BAE09D}.AppStore|Any CPU.Build.0 = AppStore|iPhone
		{20827DE4-36B2-4343-B503-CA0AC1BAE09D}.AppStore|Any CPU.Deploy.0 = AppStore|iPhone
		{20827DE4-36B2-4343-B503-CA0AC1BAE09D}.AppStore|ARM.ActiveCfg = AppStore|iPhone
		{20827DE4-36B2-4343-B503-CA0AC1BAE09D}.AppStore|ARM.Build.0 = AppStore|iPhone
		{20827DE4-36B2-4343-B503-CA0AC1BAE09D}.AppStore|ARM.Deploy.0 = AppStore|iPhone
		{20827DE4-36B2-4343-B503-CA0AC1BAE09D}.AppStore|iPhone.ActiveCfg = AppStore|iPhone
		{20827DE4-36B2-4343-B503-CA0AC1BAE09D}.AppStore|iPhone.Build.0 = AppStore|iPhone
		{20827DE4-36B2-4343-B503-CA0AC1BAE09D}.AppStore|iPhone.Deploy.0 = AppStore|iPhone
		{20827DE4-36B2-4343-B503-CA0AC1BAE09D}.AppStore|iPhoneSimulator.ActiveCfg = AppStore|iPhoneSimulator
		{20827DE4-36B2-4343-B503-CA0AC1BAE09D}.AppStore|iPhoneSimulator.Build.0 = AppStore|iPhoneSimulator
		{20827DE4-36B2-4343-B503-CA0AC1BAE09D}.AppStore|iPhoneSimulator.Deploy.0 = AppStore|iPhoneSimulator
		{20827DE4-36B2-4343-B503-CA0AC1BAE09D}.AppStore|x64.ActiveCfg = AppStore|iPhone
		{20827DE4-36B2-4343-B503-CA0AC1BAE09D}.AppStore|x64.Build.0 = AppStore|iPhone
		{20827DE4-36B2-4343-B503-CA0AC1BAE09D}.AppStore|x64.Deploy.0 = AppStore|iPhone
		{20827DE4-36B2-4343-B503-CA0AC1BAE09D}.AppStore|x86.ActiveCfg = AppStore|iPhone
		{20827DE4-36B2-4343-B503-CA0AC1BAE09D}.AppStore|x86.Build.0 = AppStore|iPhone
		{20827DE4-36B2-4343-B503-CA0AC1BAE09D}.AppStore|x86.Deploy.0 = AppStore|iPhone
		{20827DE4-36B2-4343-B503-CA0AC1BAE09D}.Debug|Any CPU.ActiveCfg = Debug|iPhoneSimulator
		{20827DE4-36B2-4343-B503-CA0AC1BAE09D}.Debug|Any CPU.Build.0 = Debug|iPhoneSimulator
		{20827DE4-36B2-4343-B503-CA0AC1BAE09D}.Debug|Any CPU.Deploy.0 = Debug|iPhoneSimulator
		{20827DE4-36B2-4343-B503-CA0AC1BAE09D}.Debug|ARM.ActiveCfg = Debug|iPhone
		{20827DE4-36B2-4343-B503-CA0AC1BAE09D}.Debug|ARM.Build.0 = Debug|iPhone
		{20827DE4-36B2-4343-B503-CA0AC1BAE09D}.Debug|ARM.Deploy.0 = Debug|iPhone
		{20827DE4-36B2-4343-B503-CA0AC1BAE09D}.Debug|iPhone.ActiveCfg = Debug|iPhone
		{20827DE4-36B2-4343-B503-CA0AC1BAE09D}.Debug|iPhone.Build.0 = Debug|iPhone
		{20827DE4-36B2-4343-B503-CA0AC1BAE09D}.Debug|iPhone.Deploy.0 = Debug|iPhone
		{20827DE4-36B2-4343-B503-CA0AC1BAE09D}.Debug|iPhoneSimulator.ActiveCfg = Debug|iPhoneSimulator
		{20827DE4-36B2-4343-B503-CA0AC1BAE09D}.Debug|iPhoneSimulator.Build.0 = Debug|iPhoneSimulator
		{20827DE4-36B2-4343-B503-CA0AC1BAE09D}.Debug|iPhoneSimulator.Deploy.0 = Debug|iPhoneSimulator
		{20827DE4-36B2-4343-B503-CA0AC1BAE09D}.Debug|x64.ActiveCfg = Debug|iPhone
		{20827DE4-36B2-4343-B503-CA0AC1BAE09D}.Debug|x64.Build.0 = Debug|iPhone
		{20827DE4-36B2-4343-B503-CA0AC1BAE09D}.Debug|x64.Deploy.0 = Debug|iPhone
		{20827DE4-36B2-4343-B503-CA0AC1BAE09D}.Debug|x86.ActiveCfg = Debug|iPhone
		{20827DE4-36B2-4343-B503-CA0AC1BAE09D}.Debug|x86.Build.0 = Debug|iPhone
		{20827DE4-36B2-4343-B503-CA0AC1BAE09D}.Debug|x86.Deploy.0 = Debug|iPhone
		{20827DE4-36B2-4343-B503-CA0AC1BAE09D}.Release|Any CPU.ActiveCfg = Release|iPhone
		{20827DE4-36B2-4343-B503-CA0AC1BAE09D}.Release|Any CPU.Build.0 = Release|iPhone
		{20827DE4-36B2-4343-B503-CA0AC1BAE09D}.Release|Any CPU.Deploy.0 = Release|iPhone
		{20827DE4-36B2-4343-B503-CA0AC1BAE09D}.Release|ARM.ActiveCfg = Release|iPhone
		{20827DE4-36B2-4343-B503-CA0AC1BAE09D}.Release|ARM.Build.0 = Release|iPhone
		{20827DE4-36B2-4343-B503-CA0AC1BAE09D}.Release|ARM.Deploy.0 = Release|iPhone
		{20827DE4-36B2-4343-B503-CA0AC1BAE09D}.Release|iPhone.ActiveCfg = Release|iPhone
		{20827DE4-36B2-4343-B503-CA0AC1BAE09D}.Release|iPhone.Build.0 = Release|iPhone
		{20827DE4-36B2-4343-B503-CA0AC1BAE09D}.Release|iPhone.Deploy.0 = Release|iPhone
		{20827DE4-36B2-4343-B503-CA0AC1BAE09D}.Release|iPhoneSimulator.ActiveCfg = Release|iPhoneSimulator
		{20827DE4-36B2-4343-B503-CA0AC1BAE09D}.Release|iPhoneSimulator.Build.0 = Release|iPhoneSimulator
		{20827DE4-36B2-4343-B503-CA0AC1BAE09D}.Release|iPhoneSimulator.Deploy.0 = Release|iPhoneSimulator
		{20827DE4-36B2-4343-B503-CA0AC1BAE09D}.Release|x64.ActiveCfg = Release|iPhone
		{20827DE4-36B2-4343-B503-CA0AC1BAE09D}.Release|x64.Build.0 = Release|iPhone
		{20827DE4-36B2-4343-B503-CA0AC1BAE09D}.Release|x64.Deploy.0 = Release|iPhone
		{20827DE4-36B2-4343-B503-CA0AC1BAE09D}.Release|x86.ActiveCfg = Release|iPhone
		{20827DE4-36B2-4343-B503-CA0AC1BAE09D}.Release|x86.Build.0 = Release|iPhone
		{20827DE4-36B2-4343-B503-CA0AC1BAE09D}.Release|x86.Deploy.0 = Release|iPhone
		{94460AC2-ECA7-4337-B3A1-F89AC0094507}.Ad-Hoc|Any CPU.ActiveCfg = Release|x86
		{94460AC2-ECA7-4337-B3A1-F89AC0094507}.Ad-Hoc|Any CPU.Build.0 = Release|x86
		{94460AC2-ECA7-4337-B3A1-F89AC0094507}.Ad-Hoc|Any CPU.Deploy.0 = Release|x86
		{94460AC2-ECA7-4337-B3A1-F89AC0094507}.Ad-Hoc|ARM.ActiveCfg = Release|ARM
		{94460AC2-ECA7-4337-B3A1-F89AC0094507}.Ad-Hoc|ARM.Build.0 = Release|ARM
		{94460AC2-ECA7-4337-B3A1-F89AC0094507}.Ad-Hoc|ARM.Deploy.0 = Release|ARM
		{94460AC2-ECA7-4337-B3A1-F89AC0094507}.Ad-Hoc|iPhone.ActiveCfg = Release|x86
		{94460AC2-ECA7-4337-B3A1-F89AC0094507}.Ad-Hoc|iPhone.Build.0 = Release|x86
		{94460AC2-ECA7-4337-B3A1-F89AC0094507}.Ad-Hoc|iPhone.Deploy.0 = Release|x86
		{94460AC2-ECA7-4337-B3A1-F89AC0094507}.Ad-Hoc|iPhoneSimulator.ActiveCfg = Release|x86
		{94460AC2-ECA7-4337-B3A1-F89AC0094507}.Ad-Hoc|iPhoneSimulator.Build.0 = Release|x86
		{94460AC2-ECA7-4337-B3A1-F89AC0094507}.Ad-Hoc|iPhoneSimulator.Deploy.0 = Release|x86
		{94460AC2-ECA7-4337-B3A1-F89AC0094507}.Ad-Hoc|x64.ActiveCfg = Release|x64
		{94460AC2-ECA7-4337-B3A1-F89AC0094507}.Ad-Hoc|x64.Build.0 = Release|x64
		{94460AC2-ECA7-4337-B3A1-F89AC0094507}.Ad-Hoc|x64.Deploy.0 = Release|x64
		{94460AC2-ECA7-4337-B3A1-F89AC0094507}.Ad-Hoc|x86.ActiveCfg = Release|x86
		{94460AC2-ECA7-4337-B3A1-F89AC0094507}.Ad-Hoc|x86.Build.0 = Release|x86
		{94460AC2-ECA7-4337-B3A1-F89AC0094507}.Ad-Hoc|x86.Deploy.0 = Release|x86
		{94460AC2-ECA7-4337-B3A1-F89AC0094507}.AppStore|Any CPU.ActiveCfg = Release|x86
		{94460AC2-ECA7-4337-B3A1-F89AC0094507}.AppStore|Any CPU.Build.0 = Release|x86
		{94460AC2-ECA7-4337-B3A1-F89AC0094507}.AppStore|Any CPU.Deploy.0 = Release|x86
		{94460AC2-ECA7-4337-B3A1-F89AC0094507}.AppStore|ARM.ActiveCfg = Release|ARM
		{94460AC2-ECA7-4337-B3A1-F89AC0094507}.AppStore|ARM.Build.0 = Release|ARM
		{94460AC2-ECA7-4337-B3A1-F89AC0094507}.AppStore|ARM.Deploy.0 = Release|ARM
		{94460AC2-ECA7-4337-B3A1-F89AC0094507}.AppStore|iPhone.ActiveCfg = Release|x86
		{94460AC2-ECA7-4337-B3A1-F89AC0094507}.AppStore|iPhone.Build.0 = Release|x86
		{94460AC2-ECA7-4337-B3A1-F89AC0094507}.AppStore|iPhone.Deploy.0 = Release|x86
		{94460AC2-ECA7-4337-B3A1-F89AC0094507}.AppStore|iPhoneSimulator.ActiveCfg = Release|x86
		{94460AC2-ECA7-4337-B3A1-F89AC0094507}.AppStore|iPhoneSimulator.Build.0 = Release|x86
		{94460AC2-ECA7-4337-B3A1-F89AC0094507}.AppStore|iPhoneSimulator.Deploy.0 = Release|x86
		{94460AC2-ECA7-4337-B3A1-F89AC0094507}.AppStore|x64.ActiveCfg = Release|x64
		{94460AC2-ECA7-4337-B3A1-F89AC0094507}.AppStore|x64.Build.0 = Release|x64
		{94460AC2-ECA7-4337-B3A1-F89AC0094507}.AppStore|x64.Deploy.0 = Release|x64
		{94460AC2-ECA7-4337-B3A1-F89AC0094507}.AppStore|x86.ActiveCfg = Release|x86
		{94460AC2-ECA7-4337-B3A1-F89AC0094507}.AppStore|x86.Build.0 = Release|x86
		{94460AC2-ECA7-4337-B3A1-F89AC0094507}.AppStore|x86.Deploy.0 = Release|x86
		{94460AC2-ECA7-4337-B3A1-F89AC0094507}.Debug|Any CPU.ActiveCfg = Debug|x86
		{94460AC2-ECA7-4337-B3A1-F89AC0094507}.Debug|Any CPU.Build.0 = Debug|x86
		{94460AC2-ECA7-4337-B3A1-F89AC0094507}.Debug|Any CPU.Deploy.0 = Debug|x86
		{94460AC2-ECA7-4337-B3A1-F89AC0094507}.Debug|ARM.ActiveCfg = Debug|ARM
		{94460AC2-ECA7-4337-B3A1-F89AC0094507}.Debug|ARM.Build.0 = Debug|ARM
		{94460AC2-ECA7-4337-B3A1-F89AC0094507}.Debug|ARM.Deploy.0 = Debug|ARM
		{94460AC2-ECA7-4337-B3A1-F89AC0094507}.Debug|iPhone.ActiveCfg = Debug|x86
		{94460AC2-ECA7-4337-B3A1-F89AC0094507}.Debug|iPhone.Build.0 = Debug|x86
		{94460AC2-ECA7-4337-B3A1-F89AC0094507}.Debug|iPhone.Deploy.0 = Debug|x86
		{94460AC2-ECA7-4337-B3A1-F89AC0094507}.Debug|iPhoneSimulator.ActiveCfg = Debug|x86
		{94460AC2-ECA7-4337-B3A1-F89AC0094507}.Debug|iPhoneSimulator.Build.0 = Debug|x86
		{94460AC2-ECA7-4337-B3A1-F89AC0094507}.Debug|iPhoneSimulator.Deploy.0 = Debug|x86
		{94460AC2-ECA7-4337-B3A1-F89AC0094507}.Debug|x64.ActiveCfg = Debug|x64
		{94460AC2-ECA7-4337-B3A1-F89AC0094507}.Debug|x64.Build.0 = Debug|x64
		{94460AC2-ECA7-4337-B3A1-F89AC0094507}.Debug|x64.Deploy.0 = Debug|x64
		{94460AC2-ECA7-4337-B3A1-F89AC0094507}.Debug|x86.ActiveCfg = Debug|x86
		{94460AC2-ECA7-4337-B3A1-F89AC0094507}.Debug|x86.Build.0 = Debug|x86
		{94460AC2-ECA7-4337-B3A1-F89AC0094507}.Debug|x86.Deploy.0 = Debug|x86
		{94460AC2-ECA7-4337-B3A1-F89AC0094507}.Release|Any CPU.ActiveCfg = Release|x86
		{94460AC2-ECA7-4337-B3A1-F89AC0094507}.Release|Any CPU.Build.0 = Release|x86
		{94460AC2-ECA7-4337-B3A1-F89AC0094507}.Release|Any CPU.Deploy.0 = Release|x86
		{94460AC2-ECA7-4337-B3A1-F89AC0094507}.Release|ARM.ActiveCfg = Release|ARM
		{94460AC2-ECA7-4337-B3A1-F89AC0094507}.Release|ARM.Build.0 = Release|ARM
		{94460AC2-ECA7-4337-B3A1-F89AC0094507}.Release|ARM.Deploy.0 = Release|ARM
		{94460AC2-ECA7-4337-B3A1-F89AC0094507}.Release|iPhone.ActiveCfg = Release|x86
		{94460AC2-ECA7-4337-B3A1-F89AC0094507}.Release|iPhone.Build.0 = Release|x86
		{94460AC2-ECA7-4337-B3A1-F89AC0094507}.Release|iPhone.Deploy.0 = Release|x86
		{94460AC2-ECA7-4337-B3A1-F89AC0094507}.Release|iPhoneSimulator.ActiveCfg = Release|x86
		{94460AC2-ECA7-4337-B3A1-F89AC0094507}.Release|iPhoneSimulator.Build.0 = Release|x86
		{94460AC2-ECA7-4337-B3A1-F89AC0094507}.Release|iPhoneSimulator.Deploy.0 = Release|x86
		{94460AC2-ECA7-4337-B3A1-F89AC0094507}.Release|x64.ActiveCfg = Release|x64
		{94460AC2-ECA7-4337-B3A1-F89AC0094507}.Release|x64.Build.0 = Release|x64
		{94460AC2-ECA7-4337-B3A1-F89AC0094507}.Release|x64.Deploy.0 = Release|x64
		{94460AC2-ECA7-4337-B3A1-F89AC0094507}.Release|x86.ActiveCfg = Release|x86
		{94460AC2-ECA7-4337-B3A1-F89AC0094507}.Release|x86.Build.0 = Release|x86
		{94460AC2-ECA7-4337-B3A1-F89AC0094507}.Release|x86.Deploy.0 = Release|x86
		{74109C1C-8F4D-4FB3-A072-97D984AA2C68}.Ad-Hoc|Any CPU.ActiveCfg = Debug|Any CPU
		{74109C1C-8F4D-4FB3-A072-97D984AA2C68}.Ad-Hoc|Any CPU.Build.0 = Debug|Any CPU
		{74109C1C-8F4D-4FB3-A072-97D984AA2C68}.Ad-Hoc|Any CPU.Deploy.0 = Debug|Any CPU
		{74109C1C-8F4D-4FB3-A072-97D984AA2C68}.Ad-Hoc|ARM.ActiveCfg = Debug|Any CPU
		{74109C1C-8F4D-4FB3-A072-97D984AA2C68}.Ad-Hoc|ARM.Build.0 = Debug|Any CPU
		{74109C1C-8F4D-4FB3-A072-97D984AA2C68}.Ad-Hoc|ARM.Deploy.0 = Debug|Any CPU
		{74109C1C-8F4D-4FB3-A072-97D984AA2C68}.Ad-Hoc|iPhone.ActiveCfg = Debug|Any CPU
		{74109C1C-8F4D-4FB3-A072-97D984AA2C68}.Ad-Hoc|iPhone.Build.0 = Debug|Any CPU
		{74109C1C-8F4D-4FB3-A072-97D984AA2C68}.Ad-Hoc|iPhone.Deploy.0 = Debug|Any CPU
		{74109C1C-8F4D-4FB3-A072-97D984AA2C68}.Ad-Hoc|iPhoneSimulator.ActiveCfg = Debug|Any CPU
		{74109C1C-8F4D-4FB3-A072-97D984AA2C68}.Ad-Hoc|iPhoneSimulator.Build.0 = Debug|Any CPU
		{74109C1C-8F4D-4FB3-A072-97D984AA2C68}.Ad-Hoc|iPhoneSimulator.Deploy.0 = Debug|Any CPU
		{74109C1C-8F4D-4FB3-A072-97D984AA2C68}.Ad-Hoc|x64.ActiveCfg = Debug|Any CPU
		{74109C1C-8F4D-4FB3-A072-97D984AA2C68}.Ad-Hoc|x64.Build.0 = Debug|Any CPU
		{74109C1C-8F4D-4FB3-A072-97D984AA2C68}.Ad-Hoc|x64.Deploy.0 = Debug|Any CPU
		{74109C1C-8F4D-4FB3-A072-97D984AA2C68}.Ad-Hoc|x86.ActiveCfg = Debug|Any CPU
		{74109C1C-8F4D-4FB3-A072-97D984AA2C68}.Ad-Hoc|x86.Build.0 = Debug|Any CPU
		{74109C1C-8F4D-4FB3-A072-97D984AA2C68}.Ad-Hoc|x86.Deploy.0 = Debug|Any CPU
		{74109C1C-8F4D-4FB3-A072-97D984AA2C68}.AppStore|Any CPU.ActiveCfg = Debug|Any CPU
		{74109C1C-8F4D-4FB3-A072-97D984AA2C68}.AppStore|Any CPU.Build.0 = Debug|Any CPU
		{74109C1C-8F4D-4FB3-A072-97D984AA2C68}.AppStore|Any CPU.Deploy.0 = Debug|Any CPU
		{74109C1C-8F4D-4FB3-A072-97D984AA2C68}.AppStore|ARM.ActiveCfg = Debug|Any CPU
		{74109C1C-8F4D-4FB3-A072-97D984AA2C68}.AppStore|ARM.Build.0 = Debug|Any CPU
		{74109C1C-8F4D-4FB3-A072-97D984AA2C68}.AppStore|ARM.Deploy.0 = Debug|Any CPU
		{74109C1C-8F4D-4FB3-A072-97D984AA2C68}.AppStore|iPhone.ActiveCfg = Debug|Any CPU
		{74109C1C-8F4D-4FB3-A072-97D984AA2C68}.AppStore|iPhone.Build.0 = Debug|Any CPU
		{74109C1C-8F4D-4FB3-A072-97D984AA2C68}.AppStore|iPhone.Deploy.0 = Debug|Any CPU
		{74109C1C-8F4D-4FB3-A072-97D984AA2C68}.AppStore|iPhoneSimulator.ActiveCfg = Debug|Any CPU
		{74109C1C-8F4D-4FB3-A072-97D984AA2C68}.AppStore|iPhoneSimulator.Build.0 = Debug|Any CPU
		{74109C1C-8F4D-4FB3-A072-97D984AA2C68}.AppStore|iPhoneSimulator.Deploy.0 = Debug|Any CPU
		{74109C1C-8F4D-4FB3-A072-97D984AA2C68}.AppStore|x64.ActiveCfg = Debug|Any CPU
		{74109C1C-8F4D-4FB3-A072-97D984AA2C68}.AppStore|x64.Build.0 = Debug|Any CPU
		{74109C1C-8F4D-4FB3-A072-97D984AA2C68}.AppStore|x64.Deploy.0 = Debug|Any CPU
		{74109C1C-8F4D-4FB3-A072-97D984AA2C68}.AppStore|x86.ActiveCfg = Debug|Any CPU
		{74109C1C-8F4D-4FB3-A072-97D984AA2C68}.AppStore|x86.Build.0 = Debug|Any CPU
		{74109C1C-8F4D-4FB3-A072-97D984AA2C68}.AppStore|x86.Deploy.0 = Debug|Any CPU
		{74109C1C-8F4D-4FB3-A072-97D984AA2C68}.Debug|Any CPU.ActiveCfg = Debug|Any CPU
		{74109C1C-8F4D-4FB3-A072-97D984AA2C68}.Debug|Any CPU.Build.0 = Debug|Any CPU
		{74109C1C-8F4D-4FB3-A072-97D984AA2C68}.Debug|Any CPU.Deploy.0 = Debug|Any CPU
		{74109C1C-8F4D-4FB3-A072-97D984AA2C68}.Debug|ARM.ActiveCfg = Debug|Any CPU
		{74109C1C-8F4D-4FB3-A072-97D984AA2C68}.Debug|ARM.Build.0 = Debug|Any CPU
		{74109C1C-8F4D-4FB3-A072-97D984AA2C68}.Debug|ARM.Deploy.0 = Debug|Any CPU
		{74109C1C-8F4D-4FB3-A072-97D984AA2C68}.Debug|iPhone.ActiveCfg = Debug|Any CPU
		{74109C1C-8F4D-4FB3-A072-97D984AA2C68}.Debug|iPhone.Build.0 = Debug|Any CPU
		{74109C1C-8F4D-4FB3-A072-97D984AA2C68}.Debug|iPhone.Deploy.0 = Debug|Any CPU
		{74109C1C-8F4D-4FB3-A072-97D984AA2C68}.Debug|iPhoneSimulator.ActiveCfg = Debug|Any CPU
		{74109C1C-8F4D-4FB3-A072-97D984AA2C68}.Debug|iPhoneSimulator.Build.0 = Debug|Any CPU
		{74109C1C-8F4D-4FB3-A072-97D984AA2C68}.Debug|iPhoneSimulator.Deploy.0 = Debug|Any CPU
		{74109C1C-8F4D-4FB3-A072-97D984AA2C68}.Debug|x64.ActiveCfg = Debug|Any CPU
		{74109C1C-8F4D-4FB3-A072-97D984AA2C68}.Debug|x64.Build.0 = Debug|Any CPU
		{74109C1C-8F4D-4FB3-A072-97D984AA2C68}.Debug|x64.Deploy.0 = Debug|Any CPU
		{74109C1C-8F4D-4FB3-A072-97D984AA2C68}.Debug|x86.ActiveCfg = Debug|Any CPU
		{74109C1C-8F4D-4FB3-A072-97D984AA2C68}.Debug|x86.Build.0 = Debug|Any CPU
		{74109C1C-8F4D-4FB3-A072-97D984AA2C68}.Debug|x86.Deploy.0 = Debug|Any CPU
		{74109C1C-8F4D-4FB3-A072-97D984AA2C68}.Release|Any CPU.ActiveCfg = Release|Any CPU
		{74109C1C-8F4D-4FB3-A072-97D984AA2C68}.Release|Any CPU.Build.0 = Release|Any CPU
		{74109C1C-8F4D-4FB3-A072-97D984AA2C68}.Release|Any CPU.Deploy.0 = Release|Any CPU
		{74109C1C-8F4D-4FB3-A072-97D984AA2C68}.Release|ARM.ActiveCfg = Release|Any CPU
		{74109C1C-8F4D-4FB3-A072-97D984AA2C68}.Release|ARM.Build.0 = Release|Any CPU
		{74109C1C-8F4D-4FB3-A072-97D984AA2C68}.Release|ARM.Deploy.0 = Release|Any CPU
		{74109C1C-8F4D-4FB3-A072-97D984AA2C68}.Release|iPhone.ActiveCfg = Release|Any CPU
		{74109C1C-8F4D-4FB3-A072-97D984AA2C68}.Release|iPhone.Build.0 = Release|Any CPU
		{74109C1C-8F4D-4FB3-A072-97D984AA2C68}.Release|iPhone.Deploy.0 = Release|Any CPU
		{74109C1C-8F4D-4FB3-A072-97D984AA2C68}.Release|iPhoneSimulator.ActiveCfg = Release|Any CPU
		{74109C1C-8F4D-4FB3-A072-97D984AA2C68}.Release|iPhoneSimulator.Build.0 = Release|Any CPU
		{74109C1C-8F4D-4FB3-A072-97D984AA2C68}.Release|iPhoneSimulator.Deploy.0 = Release|Any CPU
		{74109C1C-8F4D-4FB3-A072-97D984AA2C68}.Release|x64.ActiveCfg = Release|Any CPU
		{74109C1C-8F4D-4FB3-A072-97D984AA2C68}.Release|x64.Build.0 = Release|Any CPU
		{74109C1C-8F4D-4FB3-A072-97D984AA2C68}.Release|x64.Deploy.0 = Release|Any CPU
		{74109C1C-8F4D-4FB3-A072-97D984AA2C68}.Release|x86.ActiveCfg = Release|Any CPU
		{74109C1C-8F4D-4FB3-A072-97D984AA2C68}.Release|x86.Build.0 = Release|Any CPU
		{74109C1C-8F4D-4FB3-A072-97D984AA2C68}.Release|x86.Deploy.0 = Release|Any CPU
	EndGlobalSection
	GlobalSection(SolutionProperties) = preSolution
		HideSolutionNode = FALSE
	EndGlobalSection
	GlobalSection(ExtensibilityGlobals) = postSolution
		SolutionGuid = {83D5800B-99B1-41D1-A261-2EC97C8705F1}
	EndGlobalSection
EndGlobal
